
Microsoft Visual Studio Solution File, Format Version 12.00
# Visual Studio 2012
Project("{FAE04EC0-301F-11D3-BF4B-00C04F79EFBC}") = "Core", "Core\Core.csproj", "{2D5E18CE-93DB-4352-836E-AD5640F884A7}"
EndProject
Project("{FAE04EC0-301F-11D3-BF4B-00C04F79EFBC}") = "Runner", "Runner\Runner.csproj", "{DAA76E0F-086F-4FB3-BC9D-A6FDA2982FFE}"
EndProject
Project("{FAE04EC0-301F-11D3-BF4B-00C04F79EFBC}") = "Tests", "Tests\Tests.csproj", "{7BD0E931-80FB-443A-97B6-17B6DC402B33}"
EndProject
Global
	GlobalSection(SolutionConfigurationPlatforms) = preSolution
		Debug|x86 = Debug|x86
		Release|x86 = Release|x86
	EndGlobalSection
	GlobalSection(ProjectConfigurationPlatforms) = postSolution
		{2D5E18CE-93DB-4352-836E-AD5640F884A7}.Debug|x86.ActiveCfg = Debug|Any CPU
		{2D5E18CE-93DB-4352-836E-AD5640F884A7}.Debug|x86.Build.0 = Debug|Any CPU
		{2D5E18CE-93DB-4352-836E-AD5640F884A7}.Release|x86.ActiveCfg = Release|Any CPU
		{2D5E18CE-93DB-4352-836E-AD5640F884A7}.Release|x86.Build.0 = Release|Any CPU
		{7BD0E931-80FB-443A-97B6-17B6DC402B33}.Debug|x86.ActiveCfg = Debug|Any CPU
		{7BD0E931-80FB-443A-97B6-17B6DC402B33}.Debug|x86.Build.0 = Debug|Any CPU
		{7BD0E931-80FB-443A-97B6-17B6DC402B33}.Release|x86.ActiveCfg = Release|Any CPU
		{7BD0E931-80FB-443A-97B6-17B6DC402B33}.Release|x86.Build.0 = Release|Any CPU
		{DAA76E0F-086F-4FB3-BC9D-A6FDA2982FFE}.Debug|x86.ActiveCfg = Debug|x86
		{DAA76E0F-086F-4FB3-BC9D-A6FDA2982FFE}.Debug|x86.Build.0 = Debug|x86
		{DAA76E0F-086F-4FB3-BC9D-A6FDA2982FFE}.Release|x86.ActiveCfg = Release|x86
		{DAA76E0F-086F-4FB3-BC9D-A6FDA2982FFE}.Release|x86.Build.0 = Release|x86
	EndGlobalSection
EndGlobal
